
Microsoft Visual Studio Solution File, Format Version 12.00
# Visual Studio Version 16
VisualStudioVersion = 16.0.29709.97
MinimumVisualStudioVersion = 10.0.40219.1
Project("{FAE04EC0-301F-11D3-BF4B-00C04F79EFBC}") = "aspcore-bluehiq-api", "aspcore-bluehiq-api\aspcore-bluehiq-api.csproj", "{DA35DEF3-C631-4427-A628-DC43A1B596E4}"
EndProject
Global
	GlobalSection(SolutionConfigurationPlatforms) = preSolution
		Debug|Any CPU = Debug|Any CPU
		Release|Any CPU = Release|Any CPU
	EndGlobalSection
	GlobalSection(ProjectConfigurationPlatforms) = postSolution
		{DA35DEF3-C631-4427-A628-DC43A1B596E4}.Debug|Any CPU.ActiveCfg = Debug|Any CPU
		{DA35DEF3-C631-4427-A628-DC43A1B596E4}.Debug|Any CPU.Build.0 = Debug|Any CPU
		{DA35DEF3-C631-4427-A628-DC43A1B596E4}.Release|Any CPU.ActiveCfg = Release|Any CPU
		{DA35DEF3-C631-4427-A628-DC43A1B596E4}.Release|Any CPU.Build.0 = Release|Any CPU
	EndGlobalSection
	GlobalSection(SolutionProperties) = preSolution
		HideSolutionNode = FALSE
	EndGlobalSection
	GlobalSection(ExtensibilityGlobals) = postSolution
		SolutionGuid = {237DFD7A-D7DA-4CBA-87A4-F71B50592366}
	EndGlobalSection
EndGlobal
